# This file is autogenerated, do not edit; changes may be undone by the next 'dep ensure'.


[[projects]]
  branch = "master"
  digest = "1:28f8bdb5bfb279f6893037a3bc22f7a2a1f4cbc6ccba0b2b12918c3f2a4d09d8"
  name = "github.com/geoffgarside/ber"
  packages = ["."]
  pruneopts = "UT"
  revision = "27a1aff36ce64dbe5d93c08cc5f161983134ddc5"

[[projects]]
  digest = "1:7b74d16ea62f041103590b9c0a2ab96f9e6e97b68c067e18c9f4161c0c3df573"
  name = "github.com/k-sone/snmpgo"
  packages = [
    ".",
    "snmptest",
  ]
  pruneopts = "UT"
  revision = "de09377ff34857b08afdc16ea8c7c2929eb1fc6e"
  version = "v3.2.0"

[solve-meta]
  analyzer-name = "dep"
  analyzer-version = 1
  input-imports = [
    "github.com/geoffgarside/ber",
    "github.com/k-sone/snmpgo",
    "github.com/k-sone/snmpgo/snmptest",
  ]
  solver-name = "gps-cdcl"
  solver-version = 1
